
Microsoft Visual Studio Solution File, Format Version 12.00
# Visual Studio Version 17
VisualStudioVersion = 17.8.34525.116
MinimumVisualStudioVersion = 10.0.40219.1
Project("{FAE04EC0-301F-11D3-BF4B-00C04F79EFBC}") = "Parking System", "Parking System\Parking System.csproj", "{1CFAFDE8-3B38-4591-BDE0-74291B854358}"
EndProject
Global
	GlobalSection(SolutionConfigurationPlatforms) = preSolution
		Debug|Any CPU = Debug|Any CPU
		Release|Any CPU = Release|Any CPU
	EndGlobalSection
	GlobalSection(ProjectConfigurationPlatforms) = postSolution
		{1CFAFDE8-3B38-4591-BDE0-74291B854358}.Debug|Any CPU.ActiveCfg = Debug|Any CPU
		{1CFAFDE8-3B38-4591-BDE0-74291B854358}.Debug|Any CPU.Build.0 = Debug|Any CPU
		{1CFAFDE8-3B38-4591-BDE0-74291B854358}.Release|Any CPU.ActiveCfg = Release|Any CPU
		{1CFAFDE8-3B38-4591-BDE0-74291B854358}.Release|Any CPU.Build.0 = Release|Any CPU
	EndGlobalSection
	GlobalSection(SolutionProperties) = preSolution
		HideSolutionNode = FALSE
	EndGlobalSection
	GlobalSection(ExtensibilityGlobals) = postSolution
		SolutionGuid = {B67A753B-3FD2-418E-91B7-B40EDE66EE64}
	EndGlobalSection
EndGlobal
